{
  "name": "hindi-video-generator",
  "version": "1.0.0",
  "lockfileVersion": 3,
  "requires": true,
  "packages": {
    "": {
      "name": "hindi-video-generator",
      "version": "1.0.0",
      "license": "MIT",
      "dependencies": {
        "puppeteer": "^21.0.0"
      }
    },
    "node_modules/puppeteer": {
      "version": "21.0.0",
      "resolved": "https://registry.npmjs.org/puppeteer/-/puppeteer-21.0.0.tgz",
      "integrity": "sha512-9P+UjB5BTRlT53qFxv8qR5T8v7Y9jqSRdr59O8V9X1LZxYJAKhCg5R7kT3K1JBG1OLi8xT+h8dHZQDKwLIDm3Lw==",
      "hasInstallScript": true,
      "engines": {
        "node": ">=16.6.0"
      }
    }
  }
}
